
Microsoft Visual Studio Solution File, Format Version 12.00
# Visual Studio Version 16
VisualStudioVersion = 16.0.31410.357
MinimumVisualStudioVersion = 10.0.40219.1
Project("{FAE04EC0-301F-11D3-BF4B-00C04F79EFBC}") = "efdemo", "efdemo.csproj", "{5DFB8FA8-4305-41FB-9264-535D0BD2EAAD}"
EndProject
Global
	GlobalSection(SolutionConfigurationPlatforms) = preSolution
		Debug|Any CPU = Debug|Any CPU
		Release|Any CPU = Release|Any CPU
	EndGlobalSection
	GlobalSection(ProjectConfigurationPlatforms) = postSolution
		{5DFB8FA8-4305-41FB-9264-535D0BD2EAAD}.Debug|Any CPU.ActiveCfg = Debug|Any CPU
		{5DFB8FA8-4305-41FB-9264-535D0BD2EAAD}.Debug|Any CPU.Build.0 = Debug|Any CPU
		{5DFB8FA8-4305-41FB-9264-535D0BD2EAAD}.Release|Any CPU.ActiveCfg = Release|Any CPU
		{5DFB8FA8-4305-41FB-9264-535D0BD2EAAD}.Release|Any CPU.Build.0 = Release|Any CPU
	EndGlobalSection
	GlobalSection(SolutionProperties) = preSolution
		HideSolutionNode = FALSE
	EndGlobalSection
	GlobalSection(ExtensibilityGlobals) = postSolution
		SolutionGuid = {8C1CD65F-6EB7-4DA3-A0F2-864699674952}
	EndGlobalSection
EndGlobal
