
Microsoft Visual Studio Solution File, Format Version 12.00
# Visual Studio Version 16
VisualStudioVersion = 16.0.31410.357
MinimumVisualStudioVersion = 10.0.40219.1
Project("{FAE04EC0-301F-11D3-BF4B-00C04F79EFBC}") = "Courses", "Courses.csproj", "{59F84736-FBB9-4DA9-B557-39FE3A2C087B}"
EndProject
Global
	GlobalSection(SolutionConfigurationPlatforms) = preSolution
		Debug|Any CPU = Debug|Any CPU
		Release|Any CPU = Release|Any CPU
	EndGlobalSection
	GlobalSection(ProjectConfigurationPlatforms) = postSolution
		{59F84736-FBB9-4DA9-B557-39FE3A2C087B}.Debug|Any CPU.ActiveCfg = Debug|Any CPU
		{59F84736-FBB9-4DA9-B557-39FE3A2C087B}.Debug|Any CPU.Build.0 = Debug|Any CPU
		{59F84736-FBB9-4DA9-B557-39FE3A2C087B}.Release|Any CPU.ActiveCfg = Release|Any CPU
		{59F84736-FBB9-4DA9-B557-39FE3A2C087B}.Release|Any CPU.Build.0 = Release|Any CPU
	EndGlobalSection
	GlobalSection(SolutionProperties) = preSolution
		HideSolutionNode = FALSE
	EndGlobalSection
	GlobalSection(ExtensibilityGlobals) = postSolution
		SolutionGuid = {AA745308-4C27-4C96-A927-44AAB0E5FADD}
	EndGlobalSection
EndGlobal
